
Microsoft Visual Studio Solution File, Format Version 12.00
# Visual Studio Version 17
VisualStudioVersion = 17.0.31903.59
MinimumVisualStudioVersion = 10.0.40219.1
Project("{FAE04EC0-301F-11D3-BF4B-00C04F79EFBC}") = "ExampleProcessStart", "ExampleProcessStart\ExampleProcessStart.csproj", "{65953A37-A7FF-45FE-87BF-BA4762025921}"
EndProject
Global
	GlobalSection(SolutionConfigurationPlatforms) = preSolution
		Debug|Any CPU = Debug|Any CPU
		Release|Any CPU = Release|Any CPU
	EndGlobalSection
	GlobalSection(ProjectConfigurationPlatforms) = postSolution
		{65953A37-A7FF-45FE-87BF-BA4762025921}.Debug|Any CPU.ActiveCfg = Debug|Any CPU
		{65953A37-A7FF-45FE-87BF-BA4762025921}.Debug|Any CPU.Build.0 = Debug|Any CPU
		{65953A37-A7FF-45FE-87BF-BA4762025921}.Release|Any CPU.ActiveCfg = Release|Any CPU
		{65953A37-A7FF-45FE-87BF-BA4762025921}.Release|Any CPU.Build.0 = Release|Any CPU
	EndGlobalSection
	GlobalSection(SolutionProperties) = preSolution
		HideSolutionNode = FALSE
	EndGlobalSection
	GlobalSection(ExtensibilityGlobals) = postSolution
		SolutionGuid = {8097F8D8-2D4E-4DCF-ABCA-083B40F61733}
	EndGlobalSection
EndGlobal
